
Microsoft Visual Studio Solution File, Format Version 12.00
# Visual Studio 15
VisualStudioVersion = 15.0.28010.2026
MinimumVisualStudioVersion = 10.0.40219.1
Project("{FAE04EC0-301F-11D3-BF4B-00C04F79EFBC}") = "Wpf_Sampe", "Wpf_Sampe\Wpf_Sampe.csproj", "{6346CEFE-3AF5-4C35-A9F8-AC8031740D60}"
EndProject
Project("{FAE04EC0-301F-11D3-BF4B-00C04F79EFBC}") = "Service", "Service\Service.csproj", "{47FF9AC6-B04E-45C5-B030-17F2963A07D1}"
EndProject
Project("{FAE04EC0-301F-11D3-BF4B-00C04F79EFBC}") = "ConsoleApp1", "ConsoleApp1\ConsoleApp1.csproj", "{223B1347-4A25-4A9A-A30C-CFCEDCAA0228}"
EndProject
Global
	GlobalSection(SolutionConfigurationPlatforms) = preSolution
		Debug|Any CPU = Debug|Any CPU
		Release|Any CPU = Release|Any CPU
	EndGlobalSection
	GlobalSection(ProjectConfigurationPlatforms) = postSolution
		{6346CEFE-3AF5-4C35-A9F8-AC8031740D60}.Debug|Any CPU.ActiveCfg = Debug|Any CPU
		{6346CEFE-3AF5-4C35-A9F8-AC8031740D60}.Debug|Any CPU.Build.0 = Debug|Any CPU
		{6346CEFE-3AF5-4C35-A9F8-AC8031740D60}.Release|Any CPU.ActiveCfg = Release|Any CPU
		{6346CEFE-3AF5-4C35-A9F8-AC8031740D60}.Release|Any CPU.Build.0 = Release|Any CPU
		{47FF9AC6-B04E-45C5-B030-17F2963A07D1}.Debug|Any CPU.ActiveCfg = Debug|Any CPU
		{47FF9AC6-B04E-45C5-B030-17F2963A07D1}.Debug|Any CPU.Build.0 = Debug|Any CPU
		{47FF9AC6-B04E-45C5-B030-17F2963A07D1}.Release|Any CPU.ActiveCfg = Release|Any CPU
		{47FF9AC6-B04E-45C5-B030-17F2963A07D1}.Release|Any CPU.Build.0 = Release|Any CPU
		{223B1347-4A25-4A9A-A30C-CFCEDCAA0228}.Debug|Any CPU.ActiveCfg = Debug|Any CPU
		{223B1347-4A25-4A9A-A30C-CFCEDCAA0228}.Debug|Any CPU.Build.0 = Debug|Any CPU
		{223B1347-4A25-4A9A-A30C-CFCEDCAA0228}.Release|Any CPU.ActiveCfg = Release|Any CPU
		{223B1347-4A25-4A9A-A30C-CFCEDCAA0228}.Release|Any CPU.Build.0 = Release|Any CPU
	EndGlobalSection
	GlobalSection(SolutionProperties) = preSolution
		HideSolutionNode = FALSE
	EndGlobalSection
	GlobalSection(ExtensibilityGlobals) = postSolution
		SolutionGuid = {BD853AC1-5BFF-473B-BC66-107285DA02D8}
	EndGlobalSection
EndGlobal
